
Microsoft Visual Studio Solution File, Format Version 12.00
# Visual Studio Version 17
VisualStudioVersion = 17.6.33829.357
MinimumVisualStudioVersion = 10.0.40219.1
Project("{9A19103F-16F7-4668-BE54-9A1E7A4F7556}") = "ProductReviewAPI", "ProductReviewAPI\ProductReviewAPI.csproj", "{2C5CD508-0990-406A-8CED-952995282374}"
EndProject
Project("{FAE04EC0-301F-11D3-BF4B-00C04F79EFBC}") = "TestProductReview", "TestProductReview\TestProductReview.csproj", "{A2ED694B-B996-43B5-B521-32351BDB1E78}"
EndProject
Global
	GlobalSection(SolutionConfigurationPlatforms) = preSolution
		Debug|Any CPU = Debug|Any CPU
		Release|Any CPU = Release|Any CPU
	EndGlobalSection
	GlobalSection(ProjectConfigurationPlatforms) = postSolution
		{2C5CD508-0990-406A-8CED-952995282374}.Debug|Any CPU.ActiveCfg = Debug|Any CPU
		{2C5CD508-0990-406A-8CED-952995282374}.Debug|Any CPU.Build.0 = Debug|Any CPU
		{2C5CD508-0990-406A-8CED-952995282374}.Release|Any CPU.ActiveCfg = Release|Any CPU
		{2C5CD508-0990-406A-8CED-952995282374}.Release|Any CPU.Build.0 = Release|Any CPU
		{A2ED694B-B996-43B5-B521-32351BDB1E78}.Debug|Any CPU.ActiveCfg = Debug|Any CPU
		{A2ED694B-B996-43B5-B521-32351BDB1E78}.Debug|Any CPU.Build.0 = Debug|Any CPU
		{A2ED694B-B996-43B5-B521-32351BDB1E78}.Release|Any CPU.ActiveCfg = Release|Any CPU
		{A2ED694B-B996-43B5-B521-32351BDB1E78}.Release|Any CPU.Build.0 = Release|Any CPU
	EndGlobalSection
	GlobalSection(SolutionProperties) = preSolution
		HideSolutionNode = FALSE
	EndGlobalSection
	GlobalSection(ExtensibilityGlobals) = postSolution
		SolutionGuid = {6D8B831B-4565-4CCD-B616-7742A070255A}
	EndGlobalSection
EndGlobal
